
Microsoft Visual Studio Solution File, Format Version 11.00
# Visual Studio 2010
Project("{FAE04EC0-301F-11D3-BF4B-00C04F79EFBC}") = "Bluetooth", "Bluetooth\Bluetooth.csproj", "{065467A0-D601-4DE3-BA2F-C8597397EF94}"
EndProject
Global
	GlobalSection(SolutionConfigurationPlatforms) = preSolution
		Debug|x86 = Debug|x86
		Release|x86 = Release|x86
	EndGlobalSection
	GlobalSection(ProjectConfigurationPlatforms) = postSolution
		{065467A0-D601-4DE3-BA2F-C8597397EF94}.Debug|x86.ActiveCfg = Debug|x86
		{065467A0-D601-4DE3-BA2F-C8597397EF94}.Debug|x86.Build.0 = Debug|x86
		{065467A0-D601-4DE3-BA2F-C8597397EF94}.Release|x86.ActiveCfg = Release|x86
		{065467A0-D601-4DE3-BA2F-C8597397EF94}.Release|x86.Build.0 = Release|x86
	EndGlobalSection
	GlobalSection(SolutionProperties) = preSolution
		HideSolutionNode = FALSE
	EndGlobalSection
EndGlobal
